
Microsoft Visual Studio Solution File, Format Version 12.00
# Visual Studio Version 17
VisualStudioVersion = 17.7.34202.233
MinimumVisualStudioVersion = 10.0.40219.1
Project("{FAE04EC0-301F-11D3-BF4B-00C04F79EFBC}") = "bingo", "bingo\bingo.csproj", "{F444B2C0-6CD2-4CD4-8A1B-F68A8AF4E71B}"
EndProject
Global
	GlobalSection(SolutionConfigurationPlatforms) = preSolution
		Debug|Any CPU = Debug|Any CPU
		Release|Any CPU = Release|Any CPU
	EndGlobalSection
	GlobalSection(ProjectConfigurationPlatforms) = postSolution
		{F444B2C0-6CD2-4CD4-8A1B-F68A8AF4E71B}.Debug|Any CPU.ActiveCfg = Debug|Any CPU
		{F444B2C0-6CD2-4CD4-8A1B-F68A8AF4E71B}.Debug|Any CPU.Build.0 = Debug|Any CPU
		{F444B2C0-6CD2-4CD4-8A1B-F68A8AF4E71B}.Release|Any CPU.ActiveCfg = Release|Any CPU
		{F444B2C0-6CD2-4CD4-8A1B-F68A8AF4E71B}.Release|Any CPU.Build.0 = Release|Any CPU
	EndGlobalSection
	GlobalSection(SolutionProperties) = preSolution
		HideSolutionNode = FALSE
	EndGlobalSection
	GlobalSection(ExtensibilityGlobals) = postSolution
		SolutionGuid = {3C98A17B-DB58-4A7B-BDED-211AAB7597AB}
	EndGlobalSection
EndGlobal
